// !$*UTF8*$!
{
	archiveVersion = 1;
	classes = {
	};
	objectVersion = 46;
	objects = {

/* Begin PBXBuildFile section */
		00C302E51ABCBA2D00DB3ED1 /* libRCTActionSheet.a in Frameworks */ = {isa = PBXBuildFile; fileRef = 00C302AC1ABCB8CE00DB3ED1 /* libRCTActionSheet.a */; };
		00C302E71ABCBA2D00DB3ED1 /* libRCTGeolocation.a in Frameworks */ = {isa = PBXBuildFile; fileRef = 00C302BA1ABCB90400DB3ED1 /* libRCTGeolocation.a */; };
		00C302E81ABCBA2D00DB3ED1 /* libRCTImage.a in Frameworks */ = {isa = PBXBuildFile; fileRef = 00C302C01ABCB91800DB3ED1 /* libRCTImage.a */; };
		00C302E91ABCBA2D00DB3ED1 /* libRCTNetwork.a in Frameworks */ = {isa = PBXBuildFile; fileRef = 00C302DC1ABCB9D200DB3ED1 /* libRCTNetwork.a */; };
		00C302EA1ABCBA2D00DB3ED1 /* libRCTVibration.a in Frameworks */ = {isa = PBXBuildFile; fileRef = 00C302E41ABCB9EE00DB3ED1 /* libRCTVibration.a */; };
		00E356F31AD99517003FC87E /* RoundRobinTests.m in Sources */ = {isa = PBXBuildFile; fileRef = 00E356F21AD99517003FC87E /* RoundRobinTests.m */; };
		133E29F31AD74F7200F7D852 /* libRCTLinking.a in Frameworks */ = {isa = PBXBuildFile; fileRef = 78C398B91ACF4ADC00677621 /* libRCTLinking.a */; };
		139105C61AF99C1200B5F7CC /* libRCTSettings.a in Frameworks */ = {isa = PBXBuildFile; fileRef = 139105C11AF99BAD00B5F7CC /* libRCTSettings.a */; };
		139FDEF61B0652A700C62182 /* libRCTWebSocket.a in Frameworks */ = {isa = PBXBuildFile; fileRef = 139FDEF41B06529B00C62182 /* libRCTWebSocket.a */; };
		13B07FBC1A68108700A75B9A /* AppDelegate.m in Sources */ = {isa = PBXBuildFile; fileRef = 13B07FB01A68108700A75B9A /* AppDelegate.m */; };
		13B07FBF1A68108700A75B9A /* Images.xcassets in Resources */ = {isa = PBXBuildFile; fileRef = 13B07FB51A68108700A75B9A /* Images.xcassets */; };
		13B07FC11A68108700A75B9A /* main.m in Sources */ = {isa = PBXBuildFile; fileRef = 13B07FB71A68108700A75B9A /* main.m */; };
		140ED2AC1D01E1AD002B40FF /* libReact.a in Frameworks */ = {isa = PBXBuildFile; fileRef = 146834041AC3E56700842450 /* libReact.a */; };
		146834051AC3E58100842450 /* libReact.a in Frameworks */ = {isa = PBXBuildFile; fileRef = 146834041AC3E56700842450 /* libReact.a */; };
		1E554DA0B8454C3B8AD9E910 /* libRCTFBSDK.a in Frameworks */ = {isa = PBXBuildFile; fileRef = 2D3676B677BB4C6D9FD398BF /* libRCTFBSDK.a */; };
		832341BD1AAA6AB300B99B32 /* libRCTText.a in Frameworks */ = {isa = PBXBuildFile; fileRef = 832341B51AAA6A8300B99B32 /* libRCTText.a */; };
		9CAD7EEDDC5F409DBEEA7C1C /* libRNDeviceInfo.a in Frameworks */ = {isa = PBXBuildFile; fileRef = 04060474F5854CE9AD796245 /* libRNDeviceInfo.a */; };
		A038BD394E5342B89C477B95 /* libReactNativeConfig.a in Frameworks */ = {isa = PBXBuildFile; fileRef = 29946245FBC54C9691A00362 /* libReactNativeConfig.a */; };
		B7356086089F4BF6991B696B /* libSplashScreen.a in Frameworks */ = {isa = PBXBuildFile; fileRef = 93BD0E2871B345C1B3A9CE56 /* libSplashScreen.a */; };
		D013BA891DEA48C40099BF2A /* StoreKit.framework in Frameworks */ = {isa = PBXBuildFile; fileRef = D013BA881DEA48C40099BF2A /* StoreKit.framework */; };
		D013BA8B1DEA49000099BF2A /* GameKit.framework in Frameworks */ = {isa = PBXBuildFile; fileRef = D013BA8A1DEA49000099BF2A /* GameKit.framework */; };
		D01FAD571DEDCBC4006262AC /* RCTEventAnimation.m in Sources */ = {isa = PBXBuildFile; fileRef = D01FAD321DEDCBC4006262AC /* RCTEventAnimation.m */; };
		D01FAD581DEDCBC4006262AC /* RCTFrameAnimation.m in Sources */ = {isa = PBXBuildFile; fileRef = D01FAD341DEDCBC4006262AC /* RCTFrameAnimation.m */; };
		D01FAD591DEDCBC4006262AC /* RCTSpringAnimation.m in Sources */ = {isa = PBXBuildFile; fileRef = D01FAD361DEDCBC4006262AC /* RCTSpringAnimation.m */; };
		D01FAD5A1DEDCBC4006262AC /* RCTAdditionAnimatedNode.m in Sources */ = {isa = PBXBuildFile; fileRef = D01FAD391DEDCBC4006262AC /* RCTAdditionAnimatedNode.m */; };
		D01FAD5B1DEDCBC4006262AC /* RCTAnimatedNode.m in Sources */ = {isa = PBXBuildFile; fileRef = D01FAD3B1DEDCBC4006262AC /* RCTAnimatedNode.m */; };
		D01FAD5C1DEDCBC4006262AC /* RCTDiffClampAnimatedNode.m in Sources */ = {isa = PBXBuildFile; fileRef = D01FAD3D1DEDCBC4006262AC /* RCTDiffClampAnimatedNode.m */; };
		D01FAD5D1DEDCBC4006262AC /* RCTDivisionAnimatedNode.m in Sources */ = {isa = PBXBuildFile; fileRef = D01FAD3F1DEDCBC4006262AC /* RCTDivisionAnimatedNode.m */; };
		D01FAD5E1DEDCBC4006262AC /* RCTInterpolationAnimatedNode.m in Sources */ = {isa = PBXBuildFile; fileRef = D01FAD411DEDCBC4006262AC /* RCTInterpolationAnimatedNode.m */; };
		D01FAD5F1DEDCBC4006262AC /* RCTModuloAnimatedNode.m in Sources */ = {isa = PBXBuildFile; fileRef = D01FAD431DEDCBC4006262AC /* RCTModuloAnimatedNode.m */; };
		D01FAD601DEDCBC4006262AC /* RCTMultiplicationAnimatedNode.m in Sources */ = {isa = PBXBuildFile; fileRef = D01FAD451DEDCBC4006262AC /* RCTMultiplicationAnimatedNode.m */; };
		D01FAD611DEDCBC4006262AC /* RCTPropsAnimatedNode.m in Sources */ = {isa = PBXBuildFile; fileRef = D01FAD471DEDCBC4006262AC /* RCTPropsAnimatedNode.m */; };
		D01FAD621DEDCBC4006262AC /* RCTStyleAnimatedNode.m in Sources */ = {isa = PBXBuildFile; fileRef = D01FAD491DEDCBC4006262AC /* RCTStyleAnimatedNode.m */; };
		D01FAD631DEDCBC4006262AC /* RCTTransformAnimatedNode.m in Sources */ = {isa = PBXBuildFile; fileRef = D01FAD4B1DEDCBC4006262AC /* RCTTransformAnimatedNode.m */; };
		D01FAD641DEDCBC4006262AC /* RCTValueAnimatedNode.m in Sources */ = {isa = PBXBuildFile; fileRef = D01FAD4D1DEDCBC4006262AC /* RCTValueAnimatedNode.m */; };
		D01FAD651DEDCBC4006262AC /* RCTAnimationUtils.m in Sources */ = {isa = PBXBuildFile; fileRef = D01FAD521DEDCBC4006262AC /* RCTAnimationUtils.m */; };
		D01FAD661DEDCBC4006262AC /* RCTNativeAnimatedModule.m in Sources */ = {isa = PBXBuildFile; fileRef = D01FAD541DEDCBC4006262AC /* RCTNativeAnimatedModule.m */; };
		D01FAD671DEDCBC4006262AC /* RCTViewPropertyMapper.m in Sources */ = {isa = PBXBuildFile; fileRef = D01FAD561DEDCBC4006262AC /* RCTViewPropertyMapper.m */; };
		D01FAD8F1DEDCBEC006262AC /* libRCTAnimation.a in Sources */ = {isa = PBXBuildFile; fileRef = D01FAD6C1DEDCBC4006262AC /* libRCTAnimation.a */; };
		D01FADBE1DEDD4A2006262AC /* libBVLinearGradient.a in Frameworks */ = {isa = PBXBuildFile; fileRef = D01FADA81DEDD490006262AC /* libBVLinearGradient.a */; };
		D02382011DEA365400A0C04C /* Bolts.framework in Frameworks */ = {isa = PBXBuildFile; fileRef = D02381FD1DEA365400A0C04C /* Bolts.framework */; };
		D02382021DEA365400A0C04C /* FBSDKCoreKit.framework in Frameworks */ = {isa = PBXBuildFile; fileRef = D02381FE1DEA365400A0C04C /* FBSDKCoreKit.framework */; };
		D02382031DEA365400A0C04C /* FBSDKLoginKit.framework in Frameworks */ = {isa = PBXBuildFile; fileRef = D02381FF1DEA365400A0C04C /* FBSDKLoginKit.framework */; };
		D02382041DEA365400A0C04C /* FBSDKShareKit.framework in Frameworks */ = {isa = PBXBuildFile; fileRef = D02382001DEA365400A0C04C /* FBSDKShareKit.framework */; };
		D0B983121DECC5B600BA6E5B /* Default-568h@2x.png in Resources */ = {isa = PBXBuildFile; fileRef = D0B983111DECC5B600BA6E5B /* Default-568h@2x.png */; };
/* End PBXBuildFile section */

/* Begin PBXContainerItemProxy section */
		00C302AB1ABCB8CE00DB3ED1 /* PBXContainerItemProxy */ = {
			isa = PBXContainerItemProxy;
			containerPortal = 00C302A71ABCB8CE00DB3ED1 /* RCTActionSheet.xcodeproj */;
			proxyType = 2;
			remoteGlobalIDString = 134814201AA4EA6300B7C361;
			remoteInfo = RCTActionSheet;
		};
		00C302B91ABCB90400DB3ED1 /* PBXContainerItemProxy */ = {
			isa = PBXContainerItemProxy;
			containerPortal = 00C302B51ABCB90400DB3ED1 /* RCTGeolocation.xcodeproj */;
			proxyType = 2;
			remoteGlobalIDString = 134814201AA4EA6300B7C361;
			remoteInfo = RCTGeolocation;
		};
		00C302BF1ABCB91800DB3ED1 /* PBXContainerItemProxy */ = {
			isa = PBXContainerItemProxy;
			containerPortal = 00C302BB1ABCB91800DB3ED1 /* RCTImage.xcodeproj */;
			proxyType = 2;
			remoteGlobalIDString = 58B5115D1A9E6B3D00147676;
			remoteInfo = RCTImage;
		};
		00C302DB1ABCB9D200DB3ED1 /* PBXContainerItemProxy */ = {
			isa = PBXContainerItemProxy;
			containerPortal = 00C302D31ABCB9D200DB3ED1 /* RCTNetwork.xcodeproj */;
			proxyType = 2;
			remoteGlobalIDString = 58B511DB1A9E6C8500147676;
			remoteInfo = RCTNetwork;
		};
		00C302E31ABCB9EE00DB3ED1 /* PBXContainerItemProxy */ = {
			isa = PBXContainerItemProxy;
			containerPortal = 00C302DF1ABCB9EE00DB3ED1 /* RCTVibration.xcodeproj */;
			proxyType = 2;
			remoteGlobalIDString = 832C81801AAF6DEF007FA2F7;
			remoteInfo = RCTVibration;
		};
		00E356F41AD99517003FC87E /* PBXContainerItemProxy */ = {
			isa = PBXContainerItemProxy;
			containerPortal = 83CBB9F71A601CBA00E9B192 /* Project object */;
			proxyType = 1;
			remoteGlobalIDString = 13B07F861A680F5B00A75B9A;
			remoteInfo = RoundRobin;
		};
		139105C01AF99BAD00B5F7CC /* PBXContainerItemProxy */ = {
			isa = PBXContainerItemProxy;
			containerPortal = 139105B61AF99BAD00B5F7CC /* RCTSettings.xcodeproj */;
			proxyType = 2;
			remoteGlobalIDString = 134814201AA4EA6300B7C361;
			remoteInfo = RCTSettings;
		};
		139FDEF31B06529B00C62182 /* PBXContainerItemProxy */ = {
			isa = PBXContainerItemProxy;
			containerPortal = 139FDEE61B06529A00C62182 /* RCTWebSocket.xcodeproj */;
			proxyType = 2;
			remoteGlobalIDString = 3C86DF461ADF2C930047B81A;
			remoteInfo = RCTWebSocket;
		};
		146834031AC3E56700842450 /* PBXContainerItemProxy */ = {
			isa = PBXContainerItemProxy;
			containerPortal = 146833FF1AC3E56700842450 /* React.xcodeproj */;
			proxyType = 2;
			remoteGlobalIDString = 83CBBA2E1A601D0E00E9B192;
			remoteInfo = React;
		};
		78C398B81ACF4ADC00677621 /* PBXContainerItemProxy */ = {
			isa = PBXContainerItemProxy;
			containerPortal = 78C398B01ACF4ADC00677621 /* RCTLinking.xcodeproj */;
			proxyType = 2;
			remoteGlobalIDString = 134814201AA4EA6300B7C361;
			remoteInfo = RCTLinking;
		};
		832341B41AAA6A8300B99B32 /* PBXContainerItemProxy */ = {
			isa = PBXContainerItemProxy;
			containerPortal = 832341B01AAA6A8300B99B32 /* RCTText.xcodeproj */;
			proxyType = 2;
			remoteGlobalIDString = 58B5119B1A9E6C1200147676;
			remoteInfo = RCTText;
		};
		D01FAD6B1DEDCBC4006262AC /* PBXContainerItemProxy */ = {
			isa = PBXContainerItemProxy;
			containerPortal = D01FAD4E1DEDCBC4006262AC /* RCTAnimation.xcodeproj */;
			proxyType = 2;
			remoteGlobalIDString = 134814201AA4EA6300B7C361;
			remoteInfo = RCTAnimation;
		};
		D01FAD6D1DEDCBC4006262AC /* PBXContainerItemProxy */ = {
			isa = PBXContainerItemProxy;
			containerPortal = D01FAD4E1DEDCBC4006262AC /* RCTAnimation.xcodeproj */;
			proxyType = 2;
			remoteGlobalIDString = 2D2A28201D9B03D100D4039D;
			remoteInfo = "RCTAnimation-tvOS";
		};
		D01FAD731DEDCBC4006262AC /* PBXContainerItemProxy */ = {
			isa = PBXContainerItemProxy;
			containerPortal = 00C302BB1ABCB91800DB3ED1 /* RCTImage.xcodeproj */;
			proxyType = 2;
			remoteGlobalIDString = 2D2A283A1D9B042B00D4039D;
			remoteInfo = "RCTImage-tvOS";
		};
		D01FAD771DEDCBC4006262AC /* PBXContainerItemProxy */ = {
			isa = PBXContainerItemProxy;
			containerPortal = 78C398B01ACF4ADC00677621 /* RCTLinking.xcodeproj */;
			proxyType = 2;
			remoteGlobalIDString = 2D2A28471D9B043800D4039D;
			remoteInfo = "RCTLinking-tvOS";
		};
		D01FAD7B1DEDCBC4006262AC /* PBXContainerItemProxy */ = {
			isa = PBXContainerItemProxy;
			containerPortal = 00C302D31ABCB9D200DB3ED1 /* RCTNetwork.xcodeproj */;
			proxyType = 2;
			remoteGlobalIDString = 2D2A28541D9B044C00D4039D;
			remoteInfo = "RCTNetwork-tvOS";
		};
		D01FAD7F1DEDCBC4006262AC /* PBXContainerItemProxy */ = {
			isa = PBXContainerItemProxy;
			containerPortal = 139105B61AF99BAD00B5F7CC /* RCTSettings.xcodeproj */;
			proxyType = 2;
			remoteGlobalIDString = 2D2A28611D9B046600D4039D;
			remoteInfo = "RCTSettings-tvOS";
		};
		D01FAD831DEDCBC4006262AC /* PBXContainerItemProxy */ = {
			isa = PBXContainerItemProxy;
			containerPortal = 832341B01AAA6A8300B99B32 /* RCTText.xcodeproj */;
			proxyType = 2;
			remoteGlobalIDString = 2D2A287B1D9B048500D4039D;
			remoteInfo = "RCTText-tvOS";
		};
		D01FAD881DEDCBC4006262AC /* PBXContainerItemProxy */ = {
			isa = PBXContainerItemProxy;
			containerPortal = 139FDEE61B06529A00C62182 /* RCTWebSocket.xcodeproj */;
			proxyType = 2;
			remoteGlobalIDString = 2D2A28881D9B049200D4039D;
			remoteInfo = "RCTWebSocket-tvOS";
		};
		D01FAD8C1DEDCBC4006262AC /* PBXContainerItemProxy */ = {
			isa = PBXContainerItemProxy;
			containerPortal = 146833FF1AC3E56700842450 /* React.xcodeproj */;
			proxyType = 2;
			remoteGlobalIDString = 2D2A28131D9B038B00D4039D;
			remoteInfo = "React-tvOS";
		};
		D01FADA71DEDD490006262AC /* PBXContainerItemProxy */ = {
			isa = PBXContainerItemProxy;
			containerPortal = D01FADA31DEDD490006262AC /* BVLinearGradient.xcodeproj */;
			proxyType = 2;
			remoteGlobalIDString = 134814201AA4EA6300B7C361;
			remoteInfo = BVLinearGradient;
		};
		D026342F1E6F4BE6005FC711 /* PBXContainerItemProxy */ = {
			isa = PBXContainerItemProxy;
			containerPortal = BDED1B92FB4D43DC93E77684 /* ReactNativeConfig.xcodeproj */;
			proxyType = 2;
			remoteGlobalIDString = EB2648DF1C7BE17A00B8F155;
			remoteInfo = ReactNativeConfig;
		};
		D033869D1E1803B000F82651 /* PBXContainerItemProxy */ = {
			isa = PBXContainerItemProxy;
			containerPortal = 1F2D7EB896374E608B8A45BA /* RNDeviceInfo.xcodeproj */;
			proxyType = 2;
			remoteGlobalIDString = DA5891D81BA9A9FC002B4DB2;
			remoteInfo = RNDeviceInfo;
		};
		D03B50721DEA22D600926272 /* PBXContainerItemProxy */ = {
			isa = PBXContainerItemProxy;
			containerPortal = E8549EE565C648139700F7A2 /* RCTFBSDK.xcodeproj */;
			proxyType = 2;
			remoteGlobalIDString = 9350E0F11CE3B0920041D815;
			remoteInfo = RCTFBSDK;
		};
		D07E32A91DECA7D800AE0B32 /* PBXContainerItemProxy */ = {
			isa = PBXContainerItemProxy;
			containerPortal = 303FB28353C4402FB12C4B50 /* SplashScreen.xcodeproj */;
			proxyType = 2;
			remoteGlobalIDString = 3D7682761D8E76B80014119E;
			remoteInfo = SplashScreen;
		};
/* End PBXContainerItemProxy section */

/* Begin PBXFileReference section */
		008F07F21AC5B25A0029DE68 /* main.jsbundle */ = {isa = PBXFileReference; fileEncoding = 4; lastKnownFileType = text; path = main.jsbundle; sourceTree = "<group>"; };
		00C302A71ABCB8CE00DB3ED1 /* RCTActionSheet.xcodeproj */ = {isa = PBXFileReference; lastKnownFileType = "wrapper.pb-project"; name = RCTActionSheet.xcodeproj; path = "../node_modules/react-native/Libraries/ActionSheetIOS/RCTActionSheet.xcodeproj"; sourceTree = "<group>"; };
		00C302B51ABCB90400DB3ED1 /* RCTGeolocation.xcodeproj */ = {isa = PBXFileReference; lastKnownFileType = "wrapper.pb-project"; name = RCTGeolocation.xcodeproj; path = "../node_modules/react-native/Libraries/Geolocation/RCTGeolocation.xcodeproj"; sourceTree = "<group>"; };
		00C302BB1ABCB91800DB3ED1 /* RCTImage.xcodeproj */ = {isa = PBXFileReference; lastKnownFileType = "wrapper.pb-project"; name = RCTImage.xcodeproj; path = "../node_modules/react-native/Libraries/Image/RCTImage.xcodeproj"; sourceTree = "<group>"; };
		00C302D31ABCB9D200DB3ED1 /* RCTNetwork.xcodeproj */ = {isa = PBXFileReference; lastKnownFileType = "wrapper.pb-project"; name = RCTNetwork.xcodeproj; path = "../node_modules/react-native/Libraries/Network/RCTNetwork.xcodeproj"; sourceTree = "<group>"; };
		00C302DF1ABCB9EE00DB3ED1 /* RCTVibration.xcodeproj */ = {isa = PBXFileReference; lastKnownFileType = "wrapper.pb-project"; name = RCTVibration.xcodeproj; path = "../node_modules/react-native/Libraries/Vibration/RCTVibration.xcodeproj"; sourceTree = "<group>"; };
		00E356EE1AD99517003FC87E /* RoundRobinTests.xctest */ = {isa = PBXFileReference; explicitFileType = wrapper.cfbundle; includeInIndex = 0; path = RoundRobinTests.xctest; sourceTree = BUILT_PRODUCTS_DIR; };
		00E356F11AD99517003FC87E /* Info.plist */ = {isa = PBXFileReference; lastKnownFileType = text.plist.xml; path = Info.plist; sourceTree = "<group>"; };
		00E356F21AD99517003FC87E /* RoundRobinTests.m */ = {isa = PBXFileReference; lastKnownFileType = sourcecode.c.objc; path = RoundRobinTests.m; sourceTree = "<group>"; };
		04060474F5854CE9AD796245 /* libRNDeviceInfo.a */ = {isa = PBXFileReference; explicitFileType = undefined; fileEncoding = 9; includeInIndex = 0; lastKnownFileType = archive.ar; path = libRNDeviceInfo.a; sourceTree = "<group>"; };
		139105B61AF99BAD00B5F7CC /* RCTSettings.xcodeproj */ = {isa = PBXFileReference; lastKnownFileType = "wrapper.pb-project"; name = RCTSettings.xcodeproj; path = "../node_modules/react-native/Libraries/Settings/RCTSettings.xcodeproj"; sourceTree = "<group>"; };
		139FDEE61B06529A00C62182 /* RCTWebSocket.xcodeproj */ = {isa = PBXFileReference; lastKnownFileType = "wrapper.pb-project"; name = RCTWebSocket.xcodeproj; path = "../node_modules/react-native/Libraries/WebSocket/RCTWebSocket.xcodeproj"; sourceTree = "<group>"; };
		13B07F961A680F5B00A75B9A /* RoundRobin.app */ = {isa = PBXFileReference; explicitFileType = wrapper.application; includeInIndex = 0; path = RoundRobin.app; sourceTree = BUILT_PRODUCTS_DIR; };
		13B07FAF1A68108700A75B9A /* AppDelegate.h */ = {isa = PBXFileReference; fileEncoding = 4; lastKnownFileType = sourcecode.c.h; name = AppDelegate.h; path = RoundRobin/AppDelegate.h; sourceTree = "<group>"; };
		13B07FB01A68108700A75B9A /* AppDelegate.m */ = {isa = PBXFileReference; fileEncoding = 4; lastKnownFileType = sourcecode.c.objc; name = AppDelegate.m; path = RoundRobin/AppDelegate.m; sourceTree = "<group>"; };
		13B07FB51A68108700A75B9A /* Images.xcassets */ = {isa = PBXFileReference; lastKnownFileType = folder.assetcatalog; name = Images.xcassets; path = RoundRobin/Images.xcassets; sourceTree = "<group>"; };
		13B07FB61A68108700A75B9A /* Info.plist */ = {isa = PBXFileReference; fileEncoding = 4; lastKnownFileType = text.plist.xml; name = Info.plist; path = RoundRobin/Info.plist; sourceTree = "<group>"; };
		13B07FB71A68108700A75B9A /* main.m */ = {isa = PBXFileReference; fileEncoding = 4; lastKnownFileType = sourcecode.c.objc; name = main.m; path = RoundRobin/main.m; sourceTree = "<group>"; };
		146833FF1AC3E56700842450 /* React.xcodeproj */ = {isa = PBXFileReference; lastKnownFileType = "wrapper.pb-project"; name = React.xcodeproj; path = "../node_modules/react-native/React/React.xcodeproj"; sourceTree = "<group>"; };
		1F2D7EB896374E608B8A45BA /* RNDeviceInfo.xcodeproj */ = {isa = PBXFileReference; explicitFileType = undefined; fileEncoding = 9; includeInIndex = 0; lastKnownFileType = "wrapper.pb-project"; name = RNDeviceInfo.xcodeproj; path = "../node_modules/react-native-device-info/RNDeviceInfo.xcodeproj"; sourceTree = "<group>"; };
		29946245FBC54C9691A00362 /* libReactNativeConfig.a */ = {isa = PBXFileReference; explicitFileType = undefined; fileEncoding = 9; includeInIndex = 0; lastKnownFileType = archive.ar; path = libReactNativeConfig.a; sourceTree = "<group>"; };
		2D3676B677BB4C6D9FD398BF /* libRCTFBSDK.a */ = {isa = PBXFileReference; explicitFileType = undefined; fileEncoding = 9; includeInIndex = 0; lastKnownFileType = archive.ar; path = libRCTFBSDK.a; sourceTree = "<group>"; };
		303FB28353C4402FB12C4B50 /* SplashScreen.xcodeproj */ = {isa = PBXFileReference; explicitFileType = undefined; fileEncoding = 9; includeInIndex = 0; lastKnownFileType = "wrapper.pb-project"; name = SplashScreen.xcodeproj; path = "../node_modules/react-native-splash-screen/ios/SplashScreen.xcodeproj"; sourceTree = "<group>"; };
		78C398B01ACF4ADC00677621 /* RCTLinking.xcodeproj */ = {isa = PBXFileReference; lastKnownFileType = "wrapper.pb-project"; name = RCTLinking.xcodeproj; path = "../node_modules/react-native/Libraries/LinkingIOS/RCTLinking.xcodeproj"; sourceTree = "<group>"; };
		832341B01AAA6A8300B99B32 /* RCTText.xcodeproj */ = {isa = PBXFileReference; lastKnownFileType = "wrapper.pb-project"; name = RCTText.xcodeproj; path = "../node_modules/react-native/Libraries/Text/RCTText.xcodeproj"; sourceTree = "<group>"; };
		93BD0E2871B345C1B3A9CE56 /* libSplashScreen.a */ = {isa = PBXFileReference; explicitFileType = undefined; fileEncoding = 9; includeInIndex = 0; lastKnownFileType = archive.ar; path = libSplashScreen.a; sourceTree = "<group>"; };
		BDED1B92FB4D43DC93E77684 /* ReactNativeConfig.xcodeproj */ = {isa = PBXFileReference; explicitFileType = undefined; fileEncoding = 9; includeInIndex = 0; lastKnownFileType = "wrapper.pb-project"; name = ReactNativeConfig.xcodeproj; path = "../node_modules/react-native-config/ios/ReactNativeConfig.xcodeproj"; sourceTree = "<group>"; };
		D013BA881DEA48C40099BF2A /* StoreKit.framework */ = {isa = PBXFileReference; lastKnownFileType = wrapper.framework; name = StoreKit.framework; path = System/Library/Frameworks/StoreKit.framework; sourceTree = SDKROOT; };
		D013BA8A1DEA49000099BF2A /* GameKit.framework */ = {isa = PBXFileReference; lastKnownFileType = wrapper.framework; name = GameKit.framework; path = System/Library/Frameworks/GameKit.framework; sourceTree = SDKROOT; };
		D013BA8C1DEA49D00099BF2A /* RoundRobin.entitlements */ = {isa = PBXFileReference; lastKnownFileType = text.plist.entitlements; name = RoundRobin.entitlements; path = RoundRobin/RoundRobin.entitlements; sourceTree = "<group>"; };
		D01FAD301DEDCBC4006262AC /* RCTAnimationDriver.h */ = {isa = PBXFileReference; fileEncoding = 4; lastKnownFileType = sourcecode.c.h; path = RCTAnimationDriver.h; sourceTree = "<group>"; };
		D01FAD311DEDCBC4006262AC /* RCTEventAnimation.h */ = {isa = PBXFileReference; fileEncoding = 4; lastKnownFileType = sourcecode.c.h; path = RCTEventAnimation.h; sourceTree = "<group>"; };
		D01FAD321DEDCBC4006262AC /* RCTEventAnimation.m */ = {isa = PBXFileReference; fileEncoding = 4; lastKnownFileType = sourcecode.c.objc; path = RCTEventAnimation.m; sourceTree = "<group>"; };
		D01FAD331DEDCBC4006262AC /* RCTFrameAnimation.h */ = {isa = PBXFileReference; fileEncoding = 4; lastKnownFileType = sourcecode.c.h; path = RCTFrameAnimation.h; sourceTree = "<group>"; };
		D01FAD341DEDCBC4006262AC /* RCTFrameAnimation.m */ = {isa = PBXFileReference; fileEncoding = 4; lastKnownFileType = sourcecode.c.objc; path = RCTFrameAnimation.m; sourceTree = "<group>"; };
		D01FAD351DEDCBC4006262AC /* RCTSpringAnimation.h */ = {isa = PBXFileReference; fileEncoding = 4; lastKnownFileType = sourcecode.c.h; path = RCTSpringAnimation.h; sourceTree = "<group>"; };
		D01FAD361DEDCBC4006262AC /* RCTSpringAnimation.m */ = {isa = PBXFileReference; fileEncoding = 4; lastKnownFileType = sourcecode.c.objc; path = RCTSpringAnimation.m; sourceTree = "<group>"; };
		D01FAD381DEDCBC4006262AC /* RCTAdditionAnimatedNode.h */ = {isa = PBXFileReference; fileEncoding = 4; lastKnownFileType = sourcecode.c.h; path = RCTAdditionAnimatedNode.h; sourceTree = "<group>"; };
		D01FAD391DEDCBC4006262AC /* RCTAdditionAnimatedNode.m */ = {isa = PBXFileReference; fileEncoding = 4; lastKnownFileType = sourcecode.c.objc; path = RCTAdditionAnimatedNode.m; sourceTree = "<group>"; };
		D01FAD3A1DEDCBC4006262AC /* RCTAnimatedNode.h */ = {isa = PBXFileReference; fileEncoding = 4; lastKnownFileType = sourcecode.c.h; path = RCTAnimatedNode.h; sourceTree = "<group>"; };
		D01FAD3B1DEDCBC4006262AC /* RCTAnimatedNode.m */ = {isa = PBXFileReference; fileEncoding = 4; lastKnownFileType = sourcecode.c.objc; path = RCTAnimatedNode.m; sourceTree = "<group>"; };
		D01FAD3C1DEDCBC4006262AC /* RCTDiffClampAnimatedNode.h */ = {isa = PBXFileReference; fileEncoding = 4; lastKnownFileType = sourcecode.c.h; path = RCTDiffClampAnimatedNode.h; sourceTree = "<group>"; };
		D01FAD3D1DEDCBC4006262AC /* RCTDiffClampAnimatedNode.m */ = {isa = PBXFileReference; fileEncoding = 4; lastKnownFileType = sourcecode.c.objc; path = RCTDiffClampAnimatedNode.m; sourceTree = "<group>"; };
		D01FAD3E1DEDCBC4006262AC /* RCTDivisionAnimatedNode.h */ = {isa = PBXFileReference; fileEncoding = 4; lastKnownFileType = sourcecode.c.h; path = RCTDivisionAnimatedNode.h; sourceTree = "<group>"; };
		D01FAD3F1DEDCBC4006262AC /* RCTDivisionAnimatedNode.m */ = {isa = PBXFileReference; fileEncoding = 4; lastKnownFileType = sourcecode.c.objc; path = RCTDivisionAnimatedNode.m; sourceTree = "<group>"; };
		D01FAD401DEDCBC4006262AC /* RCTInterpolationAnimatedNode.h */ = {isa = PBXFileReference; fileEncoding = 4; lastKnownFileType = sourcecode.c.h; path = RCTInterpolationAnimatedNode.h; sourceTree = "<group>"; };
		D01FAD411DEDCBC4006262AC /* RCTInterpolationAnimatedNode.m */ = {isa = PBXFileReference; fileEncoding = 4; lastKnownFileType = sourcecode.c.objc; path = RCTInterpolationAnimatedNode.m; sourceTree = "<group>"; };
		D01FAD421DEDCBC4006262AC /* RCTModuloAnimatedNode.h */ = {isa = PBXFileReference; fileEncoding = 4; lastKnownFileType = sourcecode.c.h; path = RCTModuloAnimatedNode.h; sourceTree = "<group>"; };
		D01FAD431DEDCBC4006262AC /* RCTModuloAnimatedNode.m */ = {isa = PBXFileReference; fileEncoding = 4; lastKnownFileType = sourcecode.c.objc; path = RCTModuloAnimatedNode.m; sourceTree = "<group>"; };
		D01FAD441DEDCBC4006262AC /* RCTMultiplicationAnimatedNode.h */ = {isa = PBXFileReference; fileEncoding = 4; lastKnownFileType = sourcecode.c.h; path = RCTMultiplicationAnimatedNode.h; sourceTree = "<group>"; };
		D01FAD451DEDCBC4006262AC /* RCTMultiplicationAnimatedNode.m */ = {isa = PBXFileReference; fileEncoding = 4; lastKnownFileType = sourcecode.c.objc; path = RCTMultiplicationAnimatedNode.m; sourceTree = "<group>"; };
		D01FAD461DEDCBC4006262AC /* RCTPropsAnimatedNode.h */ = {isa = PBXFileReference; fileEncoding = 4; lastKnownFileType = sourcecode.c.h; path = RCTPropsAnimatedNode.h; sourceTree = "<group>"; };
		D01FAD471DEDCBC4006262AC /* RCTPropsAnimatedNode.m */ = {isa = PBXFileReference; fileEncoding = 4; lastKnownFileType = sourcecode.c.objc; path = RCTPropsAnimatedNode.m; sourceTree = "<group>"; };
		D01FAD481DEDCBC4006262AC /* RCTStyleAnimatedNode.h */ = {isa = PBXFileReference; fileEncoding = 4; lastKnownFileType = sourcecode.c.h; path = RCTStyleAnimatedNode.h; sourceTree = "<group>"; };
		D01FAD491DEDCBC4006262AC /* RCTStyleAnimatedNode.m */ = {isa = PBXFileReference; fileEncoding = 4; lastKnownFileType = sourcecode.c.objc; path = RCTStyleAnimatedNode.m; sourceTree = "<group>"; };
		D01FAD4A1DEDCBC4006262AC /* RCTTransformAnimatedNode.h */ = {isa = PBXFileReference; fileEncoding = 4; lastKnownFileType = sourcecode.c.h; path = RCTTransformAnimatedNode.h; sourceTree = "<group>"; };
		D01FAD4B1DEDCBC4006262AC /* RCTTransformAnimatedNode.m */ = {isa = PBXFileReference; fileEncoding = 4; lastKnownFileType = sourcecode.c.objc; path = RCTTransformAnimatedNode.m; sourceTree = "<group>"; };
		D01FAD4C1DEDCBC4006262AC /* RCTValueAnimatedNode.h */ = {isa = PBXFileReference; fileEncoding = 4; lastKnownFileType = sourcecode.c.h; path = RCTValueAnimatedNode.h; sourceTree = "<group>"; };
		D01FAD4D1DEDCBC4006262AC /* RCTValueAnimatedNode.m */ = {isa = PBXFileReference; fileEncoding = 4; lastKnownFileType = sourcecode.c.objc; path = RCTValueAnimatedNode.m; sourceTree = "<group>"; };
		D01FAD4E1DEDCBC4006262AC /* RCTAnimation.xcodeproj */ = {isa = PBXFileReference; lastKnownFileType = "wrapper.pb-project"; path = RCTAnimation.xcodeproj; sourceTree = "<group>"; };
		D01FAD511DEDCBC4006262AC /* RCTAnimationUtils.h */ = {isa = PBXFileReference; fileEncoding = 4; lastKnownFileType = sourcecode.c.h; path = RCTAnimationUtils.h; sourceTree = "<group>"; };
		D01FAD521DEDCBC4006262AC /* RCTAnimationUtils.m */ = {isa = PBXFileReference; fileEncoding = 4; lastKnownFileType = sourcecode.c.objc; path = RCTAnimationUtils.m; sourceTree = "<group>"; };
		D01FAD531DEDCBC4006262AC /* RCTNativeAnimatedModule.h */ = {isa = PBXFileReference; fileEncoding = 4; lastKnownFileType = sourcecode.c.h; path = RCTNativeAnimatedModule.h; sourceTree = "<group>"; };
		D01FAD541DEDCBC4006262AC /* RCTNativeAnimatedModule.m */ = {isa = PBXFileReference; fileEncoding = 4; lastKnownFileType = sourcecode.c.objc; path = RCTNativeAnimatedModule.m; sourceTree = "<group>"; };
		D01FAD551DEDCBC4006262AC /* RCTViewPropertyMapper.h */ = {isa = PBXFileReference; fileEncoding = 4; lastKnownFileType = sourcecode.c.h; path = RCTViewPropertyMapper.h; sourceTree = "<group>"; };
		D01FAD561DEDCBC4006262AC /* RCTViewPropertyMapper.m */ = {isa = PBXFileReference; fileEncoding = 4; lastKnownFileType = sourcecode.c.objc; path = RCTViewPropertyMapper.m; sourceTree = "<group>"; };
		D01FADA31DEDD490006262AC /* BVLinearGradient.xcodeproj */ = {isa = PBXFileReference; lastKnownFileType = "wrapper.pb-project"; name = BVLinearGradient.xcodeproj; path = "../node_modules/react-native-linear-gradient/BVLinearGradient.xcodeproj"; sourceTree = "<group>"; };
		D02381FD1DEA365400A0C04C /* Bolts.framework */ = {isa = PBXFileReference; lastKnownFileType = wrapper.framework; name = Bolts.framework; path = ../../../../Documents/FacebookSDK/Bolts.framework; sourceTree = "<group>"; };
		D02381FE1DEA365400A0C04C /* FBSDKCoreKit.framework */ = {isa = PBXFileReference; lastKnownFileType = wrapper.framework; name = FBSDKCoreKit.framework; path = ../../../../Documents/FacebookSDK/FBSDKCoreKit.framework; sourceTree = "<group>"; };
		D02381FF1DEA365400A0C04C /* FBSDKLoginKit.framework */ = {isa = PBXFileReference; lastKnownFileType = wrapper.framework; name = FBSDKLoginKit.framework; path = ../../../../Documents/FacebookSDK/FBSDKLoginKit.framework; sourceTree = "<group>"; };
		D02382001DEA365400A0C04C /* FBSDKShareKit.framework */ = {isa = PBXFileReference; lastKnownFileType = wrapper.framework; name = FBSDKShareKit.framework; path = ../../../../Documents/FacebookSDK/FBSDKShareKit.framework; sourceTree = "<group>"; };
		D0B983111DECC5B600BA6E5B /* Default-568h@2x.png */ = {isa = PBXFileReference; lastKnownFileType = image.png; path = "Default-568h@2x.png"; sourceTree = "<group>"; };
		E8549EE565C648139700F7A2 /* RCTFBSDK.xcodeproj */ = {isa = PBXFileReference; explicitFileType = undefined; fileEncoding = 9; includeInIndex = 0; lastKnownFileType = "wrapper.pb-project"; name = RCTFBSDK.xcodeproj; path = "../node_modules/react-native-fbsdk/ios/RCTFBSDK.xcodeproj"; sourceTree = "<group>"; };
/* End PBXFileReference section */

/* Begin PBXFrameworksBuildPhase section */
		00E356EB1AD99517003FC87E /* Frameworks */ = {
			isa = PBXFrameworksBuildPhase;
			buildActionMask = 2147483647;
			files = (
				140ED2AC1D01E1AD002B40FF /* libReact.a in Frameworks */,
			);
			runOnlyForDeploymentPostprocessing = 0;
		};
		13B07F8C1A680F5B00A75B9A /* Frameworks */ = {
			isa = PBXFrameworksBuildPhase;
			buildActionMask = 2147483647;
			files = (
				146834051AC3E58100842450 /* libReact.a in Frameworks */,
				00C302E51ABCBA2D00DB3ED1 /* libRCTActionSheet.a in Frameworks */,
				D02382041DEA365400A0C04C /* FBSDKShareKit.framework in Frameworks */,
				00C302E71ABCBA2D00DB3ED1 /* libRCTGeolocation.a in Frameworks */,
				D02382011DEA365400A0C04C /* Bolts.framework in Frameworks */,
				D02382031DEA365400A0C04C /* FBSDKLoginKit.framework in Frameworks */,
				00C302E81ABCBA2D00DB3ED1 /* libRCTImage.a in Frameworks */,
				133E29F31AD74F7200F7D852 /* libRCTLinking.a in Frameworks */,
				00C302E91ABCBA2D00DB3ED1 /* libRCTNetwork.a in Frameworks */,
				139105C61AF99C1200B5F7CC /* libRCTSettings.a in Frameworks */,
				D02382021DEA365400A0C04C /* FBSDKCoreKit.framework in Frameworks */,
				832341BD1AAA6AB300B99B32 /* libRCTText.a in Frameworks */,
				00C302EA1ABCBA2D00DB3ED1 /* libRCTVibration.a in Frameworks */,
				D013BA8B1DEA49000099BF2A /* GameKit.framework in Frameworks */,
				139FDEF61B0652A700C62182 /* libRCTWebSocket.a in Frameworks */,
				D013BA891DEA48C40099BF2A /* StoreKit.framework in Frameworks */,
				1E554DA0B8454C3B8AD9E910 /* libRCTFBSDK.a in Frameworks */,
				B7356086089F4BF6991B696B /* libSplashScreen.a in Frameworks */,
				D01FADBE1DEDD4A2006262AC /* libBVLinearGradient.a in Frameworks */,
				9CAD7EEDDC5F409DBEEA7C1C /* libRNDeviceInfo.a in Frameworks */,
				A038BD394E5342B89C477B95 /* libReactNativeConfig.a in Frameworks */,
			);
			runOnlyForDeploymentPostprocessing = 0;
		};
/* End PBXFrameworksBuildPhase section */

/* Begin PBXGroup section */
		00C302A81ABCB8CE00DB3ED1 /* Products */ = {
			isa = PBXGroup;
			children = (
				00C302AC1ABCB8CE00DB3ED1 /* libRCTActionSheet.a */,
			);
			name = Products;
			sourceTree = "<group>";
		};
		00C302B61ABCB90400DB3ED1 /* Products */ = {
			isa = PBXGroup;
			children = (
				00C302BA1ABCB90400DB3ED1 /* libRCTGeolocation.a */,
			);
			name = Products;
			sourceTree = "<group>";
		};
		00C302BC1ABCB91800DB3ED1 /* Products */ = {
			isa = PBXGroup;
			children = (
				00C302C01ABCB91800DB3ED1 /* libRCTImage.a */,
				D01FAD741DEDCBC4006262AC /* libRCTImage-tvOS.a */,
			);
			name = Products;
			sourceTree = "<group>";
		};
		00C302D41ABCB9D200DB3ED1 /* Products */ = {
			isa = PBXGroup;
			children = (
				00C302DC1ABCB9D200DB3ED1 /* libRCTNetwork.a */,
				D01FAD7C1DEDCBC4006262AC /* libRCTNetwork-tvOS.a */,
			);
			name = Products;
			sourceTree = "<group>";
		};
		00C302E01ABCB9EE00DB3ED1 /* Products */ = {
			isa = PBXGroup;
			children = (
				00C302E41ABCB9EE00DB3ED1 /* libRCTVibration.a */,
			);
			name = Products;
			sourceTree = "<group>";
		};
		00E356EF1AD99517003FC87E /* RoundRobinTests */ = {
			isa = PBXGroup;
			children = (
				00E356F21AD99517003FC87E /* RoundRobinTests.m */,
				00E356F01AD99517003FC87E /* Supporting Files */,
			);
			path = RoundRobinTests;
			sourceTree = "<group>";
		};
		00E356F01AD99517003FC87E /* Supporting Files */ = {
			isa = PBXGroup;
			children = (
				00E356F11AD99517003FC87E /* Info.plist */,
			);
			name = "Supporting Files";
			sourceTree = "<group>";
		};
		139105B71AF99BAD00B5F7CC /* Products */ = {
			isa = PBXGroup;
			children = (
				139105C11AF99BAD00B5F7CC /* libRCTSettings.a */,
				D01FAD801DEDCBC4006262AC /* libRCTSettings-tvOS.a */,
			);
			name = Products;
			sourceTree = "<group>";
		};
		139FDEE71B06529A00C62182 /* Products */ = {
			isa = PBXGroup;
			children = (
				139FDEF41B06529B00C62182 /* libRCTWebSocket.a */,
				D01FAD891DEDCBC4006262AC /* libRCTWebSocket-tvOS.a */,
			);
			name = Products;
			sourceTree = "<group>";
		};
		13B07FAE1A68108700A75B9A /* RoundRobin */ = {
			isa = PBXGroup;
			children = (
				D013BA8C1DEA49D00099BF2A /* RoundRobin.entitlements */,
				008F07F21AC5B25A0029DE68 /* main.jsbundle */,
				13B07FAF1A68108700A75B9A /* AppDelegate.h */,
				13B07FB01A68108700A75B9A /* AppDelegate.m */,
				13B07FB51A68108700A75B9A /* Images.xcassets */,
				13B07FB61A68108700A75B9A /* Info.plist */,
				13B07FB71A68108700A75B9A /* main.m */,
			);
			name = RoundRobin;
			sourceTree = "<group>";
		};
		146834001AC3E56700842450 /* Products */ = {
			isa = PBXGroup;
			children = (
				146834041AC3E56700842450 /* libReact.a */,
				D01FAD8D1DEDCBC4006262AC /* libReact-tvOS.a */,
			);
			name = Products;
			sourceTree = "<group>";
		};
		78C398B11ACF4ADC00677621 /* Products */ = {
			isa = PBXGroup;
			children = (
				78C398B91ACF4ADC00677621 /* libRCTLinking.a */,
				D01FAD781DEDCBC4006262AC /* libRCTLinking-tvOS.a */,
			);
			name = Products;
			sourceTree = "<group>";
		};
		832341AE1AAA6A7D00B99B32 /* Libraries */ = {
			isa = PBXGroup;
			children = (
				D01FADA31DEDD490006262AC /* BVLinearGradient.xcodeproj */,
				D01FAD2E1DEDCBC4006262AC /* NativeAnimation */,
				146833FF1AC3E56700842450 /* React.xcodeproj */,
				00C302A71ABCB8CE00DB3ED1 /* RCTActionSheet.xcodeproj */,
				00C302B51ABCB90400DB3ED1 /* RCTGeolocation.xcodeproj */,
				00C302BB1ABCB91800DB3ED1 /* RCTImage.xcodeproj */,
				78C398B01ACF4ADC00677621 /* RCTLinking.xcodeproj */,
				00C302D31ABCB9D200DB3ED1 /* RCTNetwork.xcodeproj */,
				139105B61AF99BAD00B5F7CC /* RCTSettings.xcodeproj */,
				832341B01AAA6A8300B99B32 /* RCTText.xcodeproj */,
				00C302DF1ABCB9EE00DB3ED1 /* RCTVibration.xcodeproj */,
				139FDEE61B06529A00C62182 /* RCTWebSocket.xcodeproj */,
				E8549EE565C648139700F7A2 /* RCTFBSDK.xcodeproj */,
				303FB28353C4402FB12C4B50 /* SplashScreen.xcodeproj */,
				1F2D7EB896374E608B8A45BA /* RNDeviceInfo.xcodeproj */,
				BDED1B92FB4D43DC93E77684 /* ReactNativeConfig.xcodeproj */,
			);
			name = Libraries;
			sourceTree = "<group>";
		};
		832341B11AAA6A8300B99B32 /* Products */ = {
			isa = PBXGroup;
			children = (
				832341B51AAA6A8300B99B32 /* libRCTText.a */,
				D01FAD841DEDCBC4006262AC /* libRCTText-tvOS.a */,
			);
			name = Products;
			sourceTree = "<group>";
		};
		83CBB9F61A601CBA00E9B192 = {
			isa = PBXGroup;
			children = (
				D0B983111DECC5B600BA6E5B /* Default-568h@2x.png */,
				D02381FC1DEA34BB00A0C04C /* Frameworks */,
				13B07FAE1A68108700A75B9A /* RoundRobin */,
				832341AE1AAA6A7D00B99B32 /* Libraries */,
				00E356EF1AD99517003FC87E /* RoundRobinTests */,
				83CBBA001A601CBA00E9B192 /* Products */,
			);
			indentWidth = 2;
			sourceTree = "<group>";
			tabWidth = 2;
		};
		83CBBA001A601CBA00E9B192 /* Products */ = {
			isa = PBXGroup;
			children = (
				13B07F961A680F5B00A75B9A /* RoundRobin.app */,
				00E356EE1AD99517003FC87E /* RoundRobinTests.xctest */,
			);
			name = Products;
			sourceTree = "<group>";
		};
		D01FAD2E1DEDCBC4006262AC /* NativeAnimation */ = {
			isa = PBXGroup;
			children = (
				D01FAD2F1DEDCBC4006262AC /* Drivers */,
				D01FAD371DEDCBC4006262AC /* Nodes */,
				D01FAD4E1DEDCBC4006262AC /* RCTAnimation.xcodeproj */,
				D01FAD511DEDCBC4006262AC /* RCTAnimationUtils.h */,
				D01FAD521DEDCBC4006262AC /* RCTAnimationUtils.m */,
				D01FAD531DEDCBC4006262AC /* RCTNativeAnimatedModule.h */,
				D01FAD541DEDCBC4006262AC /* RCTNativeAnimatedModule.m */,
				D01FAD551DEDCBC4006262AC /* RCTViewPropertyMapper.h */,
				D01FAD561DEDCBC4006262AC /* RCTViewPropertyMapper.m */,
			);
			name = NativeAnimation;
			path = "../node_modules/react-native/Libraries/NativeAnimation";
			sourceTree = "<group>";
		};
		D01FAD2F1DEDCBC4006262AC /* Drivers */ = {
			isa = PBXGroup;
			children = (
				D01FAD301DEDCBC4006262AC /* RCTAnimationDriver.h */,
				D01FAD311DEDCBC4006262AC /* RCTEventAnimation.h */,
				D01FAD321DEDCBC4006262AC /* RCTEventAnimation.m */,
				D01FAD331DEDCBC4006262AC /* RCTFrameAnimation.h */,
				D01FAD341DEDCBC4006262AC /* RCTFrameAnimation.m */,
				D01FAD351DEDCBC4006262AC /* RCTSpringAnimation.h */,
				D01FAD361DEDCBC4006262AC /* RCTSpringAnimation.m */,
			);
			path = Drivers;
			sourceTree = "<group>";
		};
		D01FAD371DEDCBC4006262AC /* Nodes */ = {
			isa = PBXGroup;
			children = (
				D01FAD381DEDCBC4006262AC /* RCTAdditionAnimatedNode.h */,
				D01FAD391DEDCBC4006262AC /* RCTAdditionAnimatedNode.m */,
				D01FAD3A1DEDCBC4006262AC /* RCTAnimatedNode.h */,
				D01FAD3B1DEDCBC4006262AC /* RCTAnimatedNode.m */,
				D01FAD3C1DEDCBC4006262AC /* RCTDiffClampAnimatedNode.h */,
				D01FAD3D1DEDCBC4006262AC /* RCTDiffClampAnimatedNode.m */,
				D01FAD3E1DEDCBC4006262AC /* RCTDivisionAnimatedNode.h */,
				D01FAD3F1DEDCBC4006262AC /* RCTDivisionAnimatedNode.m */,
				D01FAD401DEDCBC4006262AC /* RCTInterpolationAnimatedNode.h */,
				D01FAD411DEDCBC4006262AC /* RCTInterpolationAnimatedNode.m */,
				D01FAD421DEDCBC4006262AC /* RCTModuloAnimatedNode.h */,
				D01FAD431DEDCBC4006262AC /* RCTModuloAnimatedNode.m */,
				D01FAD441DEDCBC4006262AC /* RCTMultiplicationAnimatedNode.h */,
				D01FAD451DEDCBC4006262AC /* RCTMultiplicationAnimatedNode.m */,
				D01FAD461DEDCBC4006262AC /* RCTPropsAnimatedNode.h */,
				D01FAD471DEDCBC4006262AC /* RCTPropsAnimatedNode.m */,
				D01FAD481DEDCBC4006262AC /* RCTStyleAnimatedNode.h */,
				D01FAD491DEDCBC4006262AC /* RCTStyleAnimatedNode.m */,
				D01FAD4A1DEDCBC4006262AC /* RCTTransformAnimatedNode.h */,
				D01FAD4B1DEDCBC4006262AC /* RCTTransformAnimatedNode.m */,
				D01FAD4C1DEDCBC4006262AC /* RCTValueAnimatedNode.h */,
				D01FAD4D1DEDCBC4006262AC /* RCTValueAnimatedNode.m */,
			);
			path = Nodes;
			sourceTree = "<group>";
		};
		D01FAD4F1DEDCBC4006262AC /* Products */ = {
			isa = PBXGroup;
			children = (
				D01FAD6C1DEDCBC4006262AC /* libRCTAnimation.a */,
				D01FAD6E1DEDCBC4006262AC /* libRCTAnimation-tvOS.a */,
			);
			name = Products;
			sourceTree = "<group>";
		};
		D01FADA41DEDD490006262AC /* Products */ = {
			isa = PBXGroup;
			children = (
				D01FADA81DEDD490006262AC /* libBVLinearGradient.a */,
			);
			name = Products;
			sourceTree = "<group>";
		};
		D02381FC1DEA34BB00A0C04C /* Frameworks */ = {
			isa = PBXGroup;
			children = (
				D013BA8A1DEA49000099BF2A /* GameKit.framework */,
				D013BA881DEA48C40099BF2A /* StoreKit.framework */,
				D02381FD1DEA365400A0C04C /* Bolts.framework */,
				D02381FE1DEA365400A0C04C /* FBSDKCoreKit.framework */,
				D02381FF1DEA365400A0C04C /* FBSDKLoginKit.framework */,
				D02382001DEA365400A0C04C /* FBSDKShareKit.framework */,
			);
			name = Frameworks;
			sourceTree = "<group>";
		};
		D02634171E6F4BE6005FC711 /* Products */ = {
			isa = PBXGroup;
			children = (
				D02634301E6F4BE6005FC711 /* libReactNativeConfig.a */,
			);
			name = Products;
			sourceTree = "<group>";
		};
		D03386851E1803B000F82651 /* Products */ = {
			isa = PBXGroup;
			children = (
				D033869E1E1803B000F82651 /* libRNDeviceInfo.a */,
			);
			name = Products;
			sourceTree = "<group>";
		};
		D03B506E1DEA22D600926272 /* Products */ = {
			isa = PBXGroup;
			children = (
				D03B50731DEA22D600926272 /* libRCTFBSDK.a */,
			);
			name = Products;
			sourceTree = "<group>";
		};
		D07E329B1DECA7D800AE0B32 /* Products */ = {
			isa = PBXGroup;
			children = (
				D07E32AA1DECA7D800AE0B32 /* libSplashScreen.a */,
			);
			name = Products;
			sourceTree = "<group>";
		};
/* End PBXGroup section */

/* Begin PBXNativeTarget section */
		00E356ED1AD99517003FC87E /* RoundRobinTests */ = {
			isa = PBXNativeTarget;
			buildConfigurationList = 00E357021AD99517003FC87E /* Build configuration list for PBXNativeTarget "RoundRobinTests" */;
			buildPhases = (
				00E356EA1AD99517003FC87E /* Sources */,
				00E356EB1AD99517003FC87E /* Frameworks */,
				00E356EC1AD99517003FC87E /* Resources */,
			);
			buildRules = (
			);
			dependencies = (
				00E356F51AD99517003FC87E /* PBXTargetDependency */,
			);
			name = RoundRobinTests;
			productName = RoundRobinTests;
			productReference = 00E356EE1AD99517003FC87E /* RoundRobinTests.xctest */;
			productType = "com.apple.product-type.bundle.unit-test";
		};
		13B07F861A680F5B00A75B9A /* RoundRobin */ = {
			isa = PBXNativeTarget;
			buildConfigurationList = 13B07F931A680F5B00A75B9A /* Build configuration list for PBXNativeTarget "RoundRobin" */;
			buildPhases = (
				13B07F871A680F5B00A75B9A /* Sources */,
				13B07F8C1A680F5B00A75B9A /* Frameworks */,
				13B07F8E1A680F5B00A75B9A /* Resources */,
				00DD1BFF1BD5951E006B06BC /* Bundle React Native code and images */,
			);
			buildRules = (
			);
			dependencies = (
			);
			name = RoundRobin;
			productName = "Hello World";
			productReference = 13B07F961A680F5B00A75B9A /* RoundRobin.app */;
			productType = "com.apple.product-type.application";
		};
/* End PBXNativeTarget section */

/* Begin PBXProject section */
		83CBB9F71A601CBA00E9B192 /* Project object */ = {
			isa = PBXProject;
			attributes = {
				LastUpgradeCheck = 610;
				ORGANIZATIONNAME = Facebook;
				TargetAttributes = {
					00E356ED1AD99517003FC87E = {
						CreatedOnToolsVersion = 6.2;
						DevelopmentTeam = W6VF934SEW;
						TestTargetID = 13B07F861A680F5B00A75B9A;
					};
					13B07F861A680F5B00A75B9A = {
						DevelopmentTeam = W6VF934SEW;
						ProvisioningStyle = Manual;
						SystemCapabilities = {
							com.apple.GameCenter = {
								enabled = 1;
							};
							com.apple.InAppPurchase = {
								enabled = 1;
							};
							com.apple.Keychain = {
								enabled = 1;
							};
							com.apple.Push = {
								enabled = 1;
							};
						};
					};
				};
			};
			buildConfigurationList = 83CBB9FA1A601CBA00E9B192 /* Build configuration list for PBXProject "RoundRobin" */;
			compatibilityVersion = "Xcode 3.2";
			developmentRegion = English;
			hasScannedForEncodings = 0;
			knownRegions = (
				en,
				Base,
			);
			mainGroup = 83CBB9F61A601CBA00E9B192;
			productRefGroup = 83CBBA001A601CBA00E9B192 /* Products */;
			projectDirPath = "";
			projectReferences = (
				{
					ProductGroup = D01FADA41DEDD490006262AC /* Products */;
					ProjectRef = D01FADA31DEDD490006262AC /* BVLinearGradient.xcodeproj */;
				},
				{
					ProductGroup = 00C302A81ABCB8CE00DB3ED1 /* Products */;
					ProjectRef = 00C302A71ABCB8CE00DB3ED1 /* RCTActionSheet.xcodeproj */;
				},
				{
					ProductGroup = D01FAD4F1DEDCBC4006262AC /* Products */;
					ProjectRef = D01FAD4E1DEDCBC4006262AC /* RCTAnimation.xcodeproj */;
				},
				{
					ProductGroup = D03B506E1DEA22D600926272 /* Products */;
					ProjectRef = E8549EE565C648139700F7A2 /* RCTFBSDK.xcodeproj */;
				},
				{
					ProductGroup = 00C302B61ABCB90400DB3ED1 /* Products */;
					ProjectRef = 00C302B51ABCB90400DB3ED1 /* RCTGeolocation.xcodeproj */;
				},
				{
					ProductGroup = 00C302BC1ABCB91800DB3ED1 /* Products */;
					ProjectRef = 00C302BB1ABCB91800DB3ED1 /* RCTImage.xcodeproj */;
				},
				{
					ProductGroup = 78C398B11ACF4ADC00677621 /* Products */;
					ProjectRef = 78C398B01ACF4ADC00677621 /* RCTLinking.xcodeproj */;
				},
				{
					ProductGroup = 00C302D41ABCB9D200DB3ED1 /* Products */;
					ProjectRef = 00C302D31ABCB9D200DB3ED1 /* RCTNetwork.xcodeproj */;
				},
				{
					ProductGroup = 139105B71AF99BAD00B5F7CC /* Products */;
					ProjectRef = 139105B61AF99BAD00B5F7CC /* RCTSettings.xcodeproj */;
				},
				{
					ProductGroup = 832341B11AAA6A8300B99B32 /* Products */;
					ProjectRef = 832341B01AAA6A8300B99B32 /* RCTText.xcodeproj */;
				},
				{
					ProductGroup = 00C302E01ABCB9EE00DB3ED1 /* Products */;
					ProjectRef = 00C302DF1ABCB9EE00DB3ED1 /* RCTVibration.xcodeproj */;
				},
				{
					ProductGroup = 139FDEE71B06529A00C62182 /* Products */;
					ProjectRef = 139FDEE61B06529A00C62182 /* RCTWebSocket.xcodeproj */;
				},
				{
					ProductGroup = 146834001AC3E56700842450 /* Products */;
					ProjectRef = 146833FF1AC3E56700842450 /* React.xcodeproj */;
				},
				{
					ProductGroup = D02634171E6F4BE6005FC711 /* Products */;
					ProjectRef = BDED1B92FB4D43DC93E77684 /* ReactNativeConfig.xcodeproj */;
				},
				{
					ProductGroup = D03386851E1803B000F82651 /* Products */;
					ProjectRef = 1F2D7EB896374E608B8A45BA /* RNDeviceInfo.xcodeproj */;
				},
				{
					ProductGroup = D07E329B1DECA7D800AE0B32 /* Products */;
					ProjectRef = 303FB28353C4402FB12C4B50 /* SplashScreen.xcodeproj */;
				},
			);
			projectRoot = "";
			targets = (
				13B07F861A680F5B00A75B9A /* RoundRobin */,
				00E356ED1AD99517003FC87E /* RoundRobinTests */,
			);
		};
/* End PBXProject section */

/* Begin PBXReferenceProxy section */
		00C302AC1ABCB8CE00DB3ED1 /* libRCTActionSheet.a */ = {
			isa = PBXReferenceProxy;
			fileType = archive.ar;
			path = libRCTActionSheet.a;
			remoteRef = 00C302AB1ABCB8CE00DB3ED1 /* PBXContainerItemProxy */;
			sourceTree = BUILT_PRODUCTS_DIR;
		};
		00C302BA1ABCB90400DB3ED1 /* libRCTGeolocation.a */ = {
			isa = PBXReferenceProxy;
			fileType = archive.ar;
			path = libRCTGeolocation.a;
			remoteRef = 00C302B91ABCB90400DB3ED1 /* PBXContainerItemProxy */;
			sourceTree = BUILT_PRODUCTS_DIR;
		};
		00C302C01ABCB91800DB3ED1 /* libRCTImage.a */ = {
			isa = PBXReferenceProxy;
			fileType = archive.ar;
			path = libRCTImage.a;
			remoteRef = 00C302BF1ABCB91800DB3ED1 /* PBXContainerItemProxy */;
			sourceTree = BUILT_PRODUCTS_DIR;
		};
		00C302DC1ABCB9D200DB3ED1 /* libRCTNetwork.a */ = {
			isa = PBXReferenceProxy;
			fileType = archive.ar;
			path = libRCTNetwork.a;
			remoteRef = 00C302DB1ABCB9D200DB3ED1 /* PBXContainerItemProxy */;
			sourceTree = BUILT_PRODUCTS_DIR;
		};
		00C302E41ABCB9EE00DB3ED1 /* libRCTVibration.a */ = {
			isa = PBXReferenceProxy;
			fileType = archive.ar;
			path = libRCTVibration.a;
			remoteRef = 00C302E31ABCB9EE00DB3ED1 /* PBXContainerItemProxy */;
			sourceTree = BUILT_PRODUCTS_DIR;
		};
		139105C11AF99BAD00B5F7CC /* libRCTSettings.a */ = {
			isa = PBXReferenceProxy;
			fileType = archive.ar;
			path = libRCTSettings.a;
			remoteRef = 139105C01AF99BAD00B5F7CC /* PBXContainerItemProxy */;
			sourceTree = BUILT_PRODUCTS_DIR;
		};
		139FDEF41B06529B00C62182 /* libRCTWebSocket.a */ = {
			isa = PBXReferenceProxy;
			fileType = archive.ar;
			path = libRCTWebSocket.a;
			remoteRef = 139FDEF31B06529B00C62182 /* PBXContainerItemProxy */;
			sourceTree = BUILT_PRODUCTS_DIR;
		};
		146834041AC3E56700842450 /* libReact.a */ = {
			isa = PBXReferenceProxy;
			fileType = archive.ar;
			path = libReact.a;
			remoteRef = 146834031AC3E56700842450 /* PBXContainerItemProxy */;
			sourceTree = BUILT_PRODUCTS_DIR;
		};
		78C398B91ACF4ADC00677621 /* libRCTLinking.a */ = {
			isa = PBXReferenceProxy;
			fileType = archive.ar;
			path = libRCTLinking.a;
			remoteRef = 78C398B81ACF4ADC00677621 /* PBXContainerItemProxy */;
			sourceTree = BUILT_PRODUCTS_DIR;
		};
		832341B51AAA6A8300B99B32 /* libRCTText.a */ = {
			isa = PBXReferenceProxy;
			fileType = archive.ar;
			path = libRCTText.a;
			remoteRef = 832341B41AAA6A8300B99B32 /* PBXContainerItemProxy */;
			sourceTree = BUILT_PRODUCTS_DIR;
		};
		D01FAD6C1DEDCBC4006262AC /* libRCTAnimation.a */ = {
			isa = PBXReferenceProxy;
			fileType = archive.ar;
			path = libRCTAnimation.a;
			remoteRef = D01FAD6B1DEDCBC4006262AC /* PBXContainerItemProxy */;
			sourceTree = BUILT_PRODUCTS_DIR;
		};
		D01FAD6E1DEDCBC4006262AC /* libRCTAnimation-tvOS.a */ = {
			isa = PBXReferenceProxy;
			fileType = archive.ar;
			path = "libRCTAnimation-tvOS.a";
			remoteRef = D01FAD6D1DEDCBC4006262AC /* PBXContainerItemProxy */;
			sourceTree = BUILT_PRODUCTS_DIR;
		};
		D01FAD741DEDCBC4006262AC /* libRCTImage-tvOS.a */ = {
			isa = PBXReferenceProxy;
			fileType = archive.ar;
			path = "libRCTImage-tvOS.a";
			remoteRef = D01FAD731DEDCBC4006262AC /* PBXContainerItemProxy */;
			sourceTree = BUILT_PRODUCTS_DIR;
		};
		D01FAD781DEDCBC4006262AC /* libRCTLinking-tvOS.a */ = {
			isa = PBXReferenceProxy;
			fileType = archive.ar;
			path = "libRCTLinking-tvOS.a";
			remoteRef = D01FAD771DEDCBC4006262AC /* PBXContainerItemProxy */;
			sourceTree = BUILT_PRODUCTS_DIR;
		};
		D01FAD7C1DEDCBC4006262AC /* libRCTNetwork-tvOS.a */ = {
			isa = PBXReferenceProxy;
			fileType = archive.ar;
			path = "libRCTNetwork-tvOS.a";
			remoteRef = D01FAD7B1DEDCBC4006262AC /* PBXContainerItemProxy */;
			sourceTree = BUILT_PRODUCTS_DIR;
		};
		D01FAD801DEDCBC4006262AC /* libRCTSettings-tvOS.a */ = {
			isa = PBXReferenceProxy;
			fileType = archive.ar;
			path = "libRCTSettings-tvOS.a";
			remoteRef = D01FAD7F1DEDCBC4006262AC /* PBXContainerItemProxy */;
			sourceTree = BUILT_PRODUCTS_DIR;
		};
		D01FAD841DEDCBC4006262AC /* libRCTText-tvOS.a */ = {
			isa = PBXReferenceProxy;
			fileType = archive.ar;
			path = "libRCTText-tvOS.a";
			remoteRef = D01FAD831DEDCBC4006262AC /* PBXContainerItemProxy */;
			sourceTree = BUILT_PRODUCTS_DIR;
		};
		D01FAD891DEDCBC4006262AC /* libRCTWebSocket-tvOS.a */ = {
			isa = PBXReferenceProxy;
			fileType = archive.ar;
			path = "libRCTWebSocket-tvOS.a";
			remoteRef = D01FAD881DEDCBC4006262AC /* PBXContainerItemProxy */;
			sourceTree = BUILT_PRODUCTS_DIR;
		};
		D01FAD8D1DEDCBC4006262AC /* libReact-tvOS.a */ = {
			isa = PBXReferenceProxy;
			fileType = archive.ar;
			path = "libReact-tvOS.a";
			remoteRef = D01FAD8C1DEDCBC4006262AC /* PBXContainerItemProxy */;
			sourceTree = BUILT_PRODUCTS_DIR;
		};
		D01FADA81DEDD490006262AC /* libBVLinearGradient.a */ = {
			isa = PBXReferenceProxy;
			fileType = archive.ar;
			path = libBVLinearGradient.a;
			remoteRef = D01FADA71DEDD490006262AC /* PBXContainerItemProxy */;
			sourceTree = BUILT_PRODUCTS_DIR;
		};
		D02634301E6F4BE6005FC711 /* libReactNativeConfig.a */ = {
			isa = PBXReferenceProxy;
			fileType = archive.ar;
			path = libReactNativeConfig.a;
			remoteRef = D026342F1E6F4BE6005FC711 /* PBXContainerItemProxy */;
			sourceTree = BUILT_PRODUCTS_DIR;
		};
		D033869E1E1803B000F82651 /* libRNDeviceInfo.a */ = {
			isa = PBXReferenceProxy;
			fileType = archive.ar;
			path = libRNDeviceInfo.a;
			remoteRef = D033869D1E1803B000F82651 /* PBXContainerItemProxy */;
			sourceTree = BUILT_PRODUCTS_DIR;
		};
		D03B50731DEA22D600926272 /* libRCTFBSDK.a */ = {
			isa = PBXReferenceProxy;
			fileType = archive.ar;
			path = libRCTFBSDK.a;
			remoteRef = D03B50721DEA22D600926272 /* PBXContainerItemProxy */;
			sourceTree = BUILT_PRODUCTS_DIR;
		};
		D07E32AA1DECA7D800AE0B32 /* libSplashScreen.a */ = {
			isa = PBXReferenceProxy;
			fileType = archive.ar;
			path = libSplashScreen.a;
			remoteRef = D07E32A91DECA7D800AE0B32 /* PBXContainerItemProxy */;
			sourceTree = BUILT_PRODUCTS_DIR;
		};
/* End PBXReferenceProxy section */

/* Begin PBXResourcesBuildPhase section */
		00E356EC1AD99517003FC87E /* Resources */ = {
			isa = PBXResourcesBuildPhase;
			buildActionMask = 2147483647;
			files = (
			);
			runOnlyForDeploymentPostprocessing = 0;
		};
		13B07F8E1A680F5B00A75B9A /* Resources */ = {
			isa = PBXResourcesBuildPhase;
			buildActionMask = 2147483647;
			files = (
				13B07FBF1A68108700A75B9A /* Images.xcassets in Resources */,
				D0B983121DECC5B600BA6E5B /* Default-568h@2x.png in Resources */,
			);
			runOnlyForDeploymentPostprocessing = 0;
		};
/* End PBXResourcesBuildPhase section */

/* Begin PBXShellScriptBuildPhase section */
		00DD1BFF1BD5951E006B06BC /* Bundle React Native code and images */ = {
			isa = PBXShellScriptBuildPhase;
			buildActionMask = 2147483647;
			files = (
			);
			inputPaths = (
			);
			name = "Bundle React Native code and images";
			outputPaths = (
			);
			runOnlyForDeploymentPostprocessing = 0;
			shellPath = /bin/sh;
			shellScript = "export NODE_BINARY=node\n../node_modules/react-native/packager/react-native-xcode.sh";
		};
/* End PBXShellScriptBuildPhase section */

/* Begin PBXSourcesBuildPhase section */
		00E356EA1AD99517003FC87E /* Sources */ = {
			isa = PBXSourcesBuildPhase;
			buildActionMask = 2147483647;
			files = (
				00E356F31AD99517003FC87E /* RoundRobinTests.m in Sources */,
			);
			runOnlyForDeploymentPostprocessing = 0;
		};
		13B07F871A680F5B00A75B9A /* Sources */ = {
			isa = PBXSourcesBuildPhase;
			buildActionMask = 2147483647;
			files = (
				D01FAD8F1DEDCBEC006262AC /* libRCTAnimation.a in Sources */,
				D01FAD641DEDCBC4006262AC /* RCTValueAnimatedNode.m in Sources */,
				D01FAD5F1DEDCBC4006262AC /* RCTModuloAnimatedNode.m in Sources */,
				D01FAD571DEDCBC4006262AC /* RCTEventAnimation.m in Sources */,
				D01FAD5B1DEDCBC4006262AC /* RCTAnimatedNode.m in Sources */,
				13B07FBC1A68108700A75B9A /* AppDelegate.m in Sources */,
				D01FAD5A1DEDCBC4006262AC /* RCTAdditionAnimatedNode.m in Sources */,
				D01FAD581DEDCBC4006262AC /* RCTFrameAnimation.m in Sources */,
				D01FAD5D1DEDCBC4006262AC /* RCTDivisionAnimatedNode.m in Sources */,
				D01FAD5C1DEDCBC4006262AC /* RCTDiffClampAnimatedNode.m in Sources */,
				D01FAD621DEDCBC4006262AC /* RCTStyleAnimatedNode.m in Sources */,
				D01FAD5E1DEDCBC4006262AC /* RCTInterpolationAnimatedNode.m in Sources */,
				D01FAD661DEDCBC4006262AC /* RCTNativeAnimatedModule.m in Sources */,
				D01FAD591DEDCBC4006262AC /* RCTSpringAnimation.m in Sources */,
				D01FAD631DEDCBC4006262AC /* RCTTransformAnimatedNode.m in Sources */,
				D01FAD671DEDCBC4006262AC /* RCTViewPropertyMapper.m in Sources */,
				D01FAD601DEDCBC4006262AC /* RCTMultiplicationAnimatedNode.m in Sources */,
				D01FAD611DEDCBC4006262AC /* RCTPropsAnimatedNode.m in Sources */,
				13B07FC11A68108700A75B9A /* main.m in Sources */,
				D01FAD651DEDCBC4006262AC /* RCTAnimationUtils.m in Sources */,
			);
			runOnlyForDeploymentPostprocessing = 0;
		};
/* End PBXSourcesBuildPhase section */

/* Begin PBXTargetDependency section */
		00E356F51AD99517003FC87E /* PBXTargetDependency */ = {
			isa = PBXTargetDependency;
			target = 13B07F861A680F5B00A75B9A /* RoundRobin */;
			targetProxy = 00E356F41AD99517003FC87E /* PBXContainerItemProxy */;
		};
/* End PBXTargetDependency section */

/* Begin XCBuildConfiguration section */
		00E356F61AD99517003FC87E /* Debug */ = {
			isa = XCBuildConfiguration;
			buildSettings = {
				BUNDLE_LOADER = "$(TEST_HOST)";
				CODE_SIGN_IDENTITY = "iPhone Developer";
				DEVELOPMENT_TEAM = W6VF934SEW;
				GCC_PREPROCESSOR_DEFINITIONS = (
					"DEBUG=1",
					"$(inherited)",
				);
				INFOPLIST_FILE = RoundRobinTests/Info.plist;
				IPHONEOS_DEPLOYMENT_TARGET = 8.0;
				LD_RUNPATH_SEARCH_PATHS = "$(inherited) @executable_path/Frameworks @loader_path/Frameworks";
				LIBRARY_SEARCH_PATHS = (
					"$(inherited)",
					"\"$(SRCROOT)/$(TARGET_NAME)\"",
					"\"$(SRCROOT)/$(TARGET_NAME)\"",
					"\"$(SRCROOT)/$(TARGET_NAME)\"",
					"\"$(SRCROOT)/$(TARGET_NAME)\"",
				);
				PRODUCT_NAME = "$(TARGET_NAME)";
				TEST_HOST = "$(BUILT_PRODUCTS_DIR)/RoundRobin.app/RoundRobin";
			};
			name = Debug;
		};
		00E356F71AD99517003FC87E /* Release */ = {
			isa = XCBuildConfiguration;
			buildSettings = {
				BUNDLE_LOADER = "$(TEST_HOST)";
				CODE_SIGN_IDENTITY = "iPhone Distribution";
				COPY_PHASE_STRIP = NO;
				DEVELOPMENT_TEAM = W6VF934SEW;
				INFOPLIST_FILE = RoundRobinTests/Info.plist;
				IPHONEOS_DEPLOYMENT_TARGET = 8.0;
				LD_RUNPATH_SEARCH_PATHS = "$(inherited) @executable_path/Frameworks @loader_path/Frameworks";
				LIBRARY_SEARCH_PATHS = (
					"$(inherited)",
					"\"$(SRCROOT)/$(TARGET_NAME)\"",
					"\"$(SRCROOT)/$(TARGET_NAME)\"",
					"\"$(SRCROOT)/$(TARGET_NAME)\"",
					"\"$(SRCROOT)/$(TARGET_NAME)\"",
				);
				PRODUCT_NAME = "$(TARGET_NAME)";
				TEST_HOST = "$(BUILT_PRODUCTS_DIR)/RoundRobin.app/RoundRobin";
			};
			name = Release;
		};
		13B07F941A680F5B00A75B9A /* Debug */ = {
			isa = XCBuildConfiguration;
			buildSettings = {
				ASSETCATALOG_COMPILER_APPICON_NAME = AppIcon;
				ASSETCATALOG_COMPILER_LAUNCHIMAGE_NAME = LaunchImage;
				CODE_SIGN_ENTITLEMENTS = RoundRobin/RoundRobin.entitlements;
				CODE_SIGN_IDENTITY = "iPhone Developer";
				"CODE_SIGN_IDENTITY[sdk=iphoneos*]" = "iPhone Developer";
				CURRENT_PROJECT_VERSION = 63;
				DEAD_CODE_STRIPPING = NO;
				DEVELOPMENT_TEAM = W6VF934SEW;
				FRAMEWORK_SEARCH_PATHS = "~/Documents/FacebookSDK";
				HEADER_SEARCH_PATHS = (
					"$(inherited)",
					/Applications/Xcode.app/Contents/Developer/Toolchains/XcodeDefault.xctoolchain/usr/include,
					"$(SRCROOT)/../node_modules/react-native/React/**",
					"$(SRCROOT)/../node_modules/react-native-fbsdk/ios/RCTFBSDK/**",
					"$(SRCROOT)/../node_modules/react-native-splash-screen/ios",
					"$(SRCROOT)/../node_modules/react-native-device-info/RNDeviceInfo",
					"$(SRCROOT)/../node_modules/react-native-config/ios/ReactNativeConfig",
				);
				INFOPLIST_FILE = RoundRobin/Info.plist;
				IPHONEOS_DEPLOYMENT_TARGET = 8.0;
				LD_RUNPATH_SEARCH_PATHS = "$(inherited) @executable_path/Frameworks";
				OTHER_LDFLAGS = (
					"$(inherited)",
					"-ObjC",
					"-lc++",
				);
				PRODUCT_BUNDLE_IDENTIFIER = in.roundrob;
				PRODUCT_NAME = RoundRobin;
				PROVISIONING_PROFILE = "51981b37-45c0-4ec1-9ac3-4d83f8271a0c";
				PROVISIONING_PROFILE_SPECIFIER = "match Development in.roundrob";
				VERSIONING_SYSTEM = "apple-generic";
			};
			name = Debug;
		};
		13B07F951A680F5B00A75B9A /* Release */ = {
			isa = XCBuildConfiguration;
			buildSettings = {
				ASSETCATALOG_COMPILER_APPICON_NAME = AppIcon;
				ASSETCATALOG_COMPILER_LAUNCHIMAGE_NAME = LaunchImage;
				CODE_SIGN_ENTITLEMENTS = RoundRobin/RoundRobin.entitlements;
				CODE_SIGN_IDENTITY = "iPhone Distribution";
				"CODE_SIGN_IDENTITY[sdk=iphoneos*]" = "iPhone Distribution";
				CURRENT_PROJECT_VERSION = 63;
				DEVELOPMENT_TEAM = W6VF934SEW;
				FRAMEWORK_SEARCH_PATHS = "~/Documents/FacebookSDK";
				HEADER_SEARCH_PATHS = (
					"$(inherited)",
					/Applications/Xcode.app/Contents/Developer/Toolchains/XcodeDefault.xctoolchain/usr/include,
					"$(SRCROOT)/../node_modules/react-native/React/**",
					"$(SRCROOT)/../node_modules/react-native-fbsdk/ios/RCTFBSDK/**",
					"$(SRCROOT)/../node_modules/react-native-splash-screen/ios",
					"$(SRCROOT)/../node_modules/react-native-device-info/RNDeviceInfo",
					"$(SRCROOT)/../node_modules/react-native-config/ios/ReactNativeConfig",
				);
				INFOPLIST_FILE = RoundRobin/Info.plist;
				IPHONEOS_DEPLOYMENT_TARGET = 8.0;
				LD_RUNPATH_SEARCH_PATHS = "$(inherited) @executable_path/Frameworks";
				OTHER_LDFLAGS = (
					"$(inherited)",
					"-ObjC",
					"-lc++",
				);
				PRODUCT_BUNDLE_IDENTIFIER = in.roundrob;
				PRODUCT_NAME = RoundRobin;
				PROVISIONING_PROFILE = "68396cc4-e150-435b-b7e0-e426c3f165d1";
				PROVISIONING_PROFILE_SPECIFIER = "match AppStore in.roundrob";
				VERSIONING_SYSTEM = "apple-generic";
			};
			name = Release;
		};
		83CBBA201A601CBA00E9B192 /* Debug */ = {
			isa = XCBuildConfiguration;
			buildSettings = {
				ALWAYS_SEARCH_USER_PATHS = NO;
				CLANG_CXX_LANGUAGE_STANDARD = "gnu++0x";
				CLANG_CXX_LIBRARY = "libc++";
				CLANG_ENABLE_MODULES = YES;
				CLANG_ENABLE_OBJC_ARC = YES;
				CLANG_WARN_BOOL_CONVERSION = YES;
				CLANG_WARN_CONSTANT_CONVERSION = YES;
				CLANG_WARN_DIRECT_OBJC_ISA_USAGE = YES_ERROR;
				CLANG_WARN_EMPTY_BODY = YES;
				CLANG_WARN_ENUM_CONVERSION = YES;
				CLANG_WARN_INT_CONVERSION = YES;
				CLANG_WARN_OBJC_ROOT_CLASS = YES_ERROR;
				CLANG_WARN_UNREACHABLE_CODE = YES;
				CLANG_WARN__DUPLICATE_METHOD_MATCH = YES;
				CODE_SIGN_IDENTITY = "iPhone Developer: Justin Moen (9LT892TJ46)";
				"CODE_SIGN_IDENTITY[sdk=iphoneos*]" = "iPhone Developer: Justin Moen (9LT892TJ46)";
				COPY_PHASE_STRIP = NO;
				ENABLE_STRICT_OBJC_MSGSEND = YES;
				FRAMEWORK_SEARCH_PATHS = "~/Documents/FacebookSDKs-iOS-4.17.0";
				GCC_C_LANGUAGE_STANDARD = gnu99;
				GCC_DYNAMIC_NO_PIC = NO;
				GCC_OPTIMIZATION_LEVEL = 0;
				GCC_PREPROCESSOR_DEFINITIONS = (
					"DEBUG=1",
					"$(inherited)",
				);
				GCC_SYMBOLS_PRIVATE_EXTERN = NO;
				GCC_WARN_64_TO_32_BIT_CONVERSION = YES;
				GCC_WARN_ABOUT_RETURN_TYPE = YES_ERROR;
				GCC_WARN_UNDECLARED_SELECTOR = YES;
				GCC_WARN_UNINITIALIZED_AUTOS = YES_AGGRESSIVE;
				GCC_WARN_UNUSED_FUNCTION = YES;
				GCC_WARN_UNUSED_VARIABLE = YES;
				HEADER_SEARCH_PATHS = (
					"$(inherited)",
					/Applications/Xcode.app/Contents/Developer/Toolchains/XcodeDefault.xctoolchain/usr/include,
					"$(SRCROOT)/../node_modules/react-native/React/**",
					"$(SRCROOT)/../node_modules/react-native-fbsdk/ios/RCTFBSDK/**",
					"$(SRCROOT)/../node_modules/react-native-splash-screen/ios",
					"$(SRCROOT)/../node_modules/react-native-device-info/RNDeviceInfo",
					"$(SRCROOT)/../node_modules/react-native-config/ios/ReactNativeConfig",
				);
				INFOPLIST_OTHER_PREPROCESSOR_FLAGS = "-traditional";
				INFOPLIST_PREFIX_HEADER = "${CONFIGURATION_BUILD_DIR}/GeneratedInfoPlistDotEnv.h";
				INFOPLIST_PREPROCESS = YES;
				IPHONEOS_DEPLOYMENT_TARGET = 10.0;
				MTL_ENABLE_DEBUG_INFO = YES;
				ONLY_ACTIVE_ARCH = YES;
				SDKROOT = iphoneos;
			};
			name = Debug;
		};
		83CBBA211A601CBA00E9B192 /* Release */ = {
			isa = XCBuildConfiguration;
			buildSettings = {
				ALWAYS_SEARCH_USER_PATHS = NO;
				CLANG_CXX_LANGUAGE_STANDARD = "gnu++0x";
				CLANG_CXX_LIBRARY = "libc++";
				CLANG_ENABLE_MODULES = YES;
				CLANG_ENABLE_OBJC_ARC = YES;
				CLANG_WARN_BOOL_CONVERSION = YES;
				CLANG_WARN_CONSTANT_CONVERSION = YES;
				CLANG_WARN_DIRECT_OBJC_ISA_USAGE = YES_ERROR;
				CLANG_WARN_EMPTY_BODY = YES;
				CLANG_WARN_ENUM_CONVERSION = YES;
				CLANG_WARN_INT_CONVERSION = YES;
				CLANG_WARN_OBJC_ROOT_CLASS = YES_ERROR;
				CLANG_WARN_UNREACHABLE_CODE = YES;
				CLANG_WARN__DUPLICATE_METHOD_MATCH = YES;
				CODE_SIGN_IDENTITY = "iPhone Distribution: Justin Moen (W6VF934SEW)";
				"CODE_SIGN_IDENTITY[sdk=iphoneos*]" = "iPhone Distribution: Justin Moen (W6VF934SEW)";
				COPY_PHASE_STRIP = YES;
				ENABLE_NS_ASSERTIONS = NO;
				ENABLE_STRICT_OBJC_MSGSEND = YES;
				FRAMEWORK_SEARCH_PATHS = "~/Documents/FacebookSDKs-iOS-4.17.0";
				GCC_C_LANGUAGE_STANDARD = gnu99;
				GCC_WARN_64_TO_32_BIT_CONVERSION = YES;
				GCC_WARN_ABOUT_RETURN_TYPE = YES_ERROR;
				GCC_WARN_UNDECLARED_SELECTOR = YES;
				GCC_WARN_UNINITIALIZED_AUTOS = YES_AGGRESSIVE;
				GCC_WARN_UNUSED_FUNCTION = YES;
				GCC_WARN_UNUSED_VARIABLE = YES;
				HEADER_SEARCH_PATHS = (
					"$(inherited)",
					/Applications/Xcode.app/Contents/Developer/Toolchains/XcodeDefault.xctoolchain/usr/include,
					"$(SRCROOT)/../node_modules/react-native/React/**",
					"$(SRCROOT)/../node_modules/react-native-fbsdk/ios/RCTFBSDK/**",
					"$(SRCROOT)/../node_modules/react-native-splash-screen/ios",
					"$(SRCROOT)/../node_modules/react-native-device-info/RNDeviceInfo",
					"$(SRCROOT)/../node_modules/react-native-config/ios/ReactNativeConfig",
				);
				INFOPLIST_OTHER_PREPROCESSOR_FLAGS = "-traditional";
				INFOPLIST_PREFIX_HEADER = "${CONFIGURATION_BUILD_DIR}/GeneratedInfoPlistDotEnv.h";
				INFOPLIST_PREPROCESS = YES;
				IPHONEOS_DEPLOYMENT_TARGET = 10.0;
				MTL_ENABLE_DEBUG_INFO = NO;
				SDKROOT = iphoneos;
				VALIDATE_PRODUCT = YES;
			};
			name = Release;
		};
/* End XCBuildConfiguration section */

/* Begin XCConfigurationList section */
		00E357021AD99517003FC87E /* Build configuration list for PBXNativeTarget "RoundRobinTests" */ = {
			isa = XCConfigurationList;
			buildConfigurations = (
				00E356F61AD99517003FC87E /* Debug */,
				00E356F71AD99517003FC87E /* Release */,
			);
			defaultConfigurationIsVisible = 0;
			defaultConfigurationName = Release;
		};
		13B07F931A680F5B00A75B9A /* Build configuration list for PBXNativeTarget "RoundRobin" */ = {
			isa = XCConfigurationList;
			buildConfigurations = (
				13B07F941A680F5B00A75B9A /* Debug */,
				13B07F951A680F5B00A75B9A /* Release */,
			);
			defaultConfigurationIsVisible = 0;
			defaultConfigurationName = Release;
		};
		83CBB9FA1A601CBA00E9B192 /* Build configuration list for PBXProject "RoundRobin" */ = {
			isa = XCConfigurationList;
			buildConfigurations = (
				83CBBA201A601CBA00E9B192 /* Debug */,
				83CBBA211A601CBA00E9B192 /* Release */,
			);
			defaultConfigurationIsVisible = 0;
			defaultConfigurationName = Release;
		};
/* End XCConfigurationList section */
	};
	rootObject = 83CBB9F71A601CBA00E9B192 /* Project object */;
}
